
Microsoft Visual Studio Solution File, Format Version 12.00
# Visual Studio Version 17
VisualStudioVersion = 17.13.35825.156 d17.13
MinimumVisualStudioVersion = 10.0.40219.1
Project("{FAE04EC0-301F-11D3-BF4B-00C04F79EFBC}") = "DrawingOnForm", "DrawingOnForm.csproj", "{7A462621-03B0-4CDD-9FC8-431FC8B1222A}"
EndProject
Global
	GlobalSection(SolutionConfigurationPlatforms) = preSolution
		Debug|Any CPU = Debug|Any CPU
		Release|Any CPU = Release|Any CPU
	EndGlobalSection
	GlobalSection(ProjectConfigurationPlatforms) = postSolution
		{7A462621-03B0-4CDD-9FC8-431FC8B1222A}.Debug|Any CPU.ActiveCfg = Debug|Any CPU
		{7A462621-03B0-4CDD-9FC8-431FC8B1222A}.Debug|Any CPU.Build.0 = Debug|Any CPU
		{7A462621-03B0-4CDD-9FC8-431FC8B1222A}.Release|Any CPU.ActiveCfg = Release|Any CPU
		{7A462621-03B0-4CDD-9FC8-431FC8B1222A}.Release|Any CPU.Build.0 = Release|Any CPU
	EndGlobalSection
	GlobalSection(SolutionProperties) = preSolution
		HideSolutionNode = FALSE
	EndGlobalSection
	GlobalSection(ExtensibilityGlobals) = postSolution
		SolutionGuid = {40ABDE43-B47C-474F-BA52-2BDE5C1C8FCE}
	EndGlobalSection
EndGlobal
