
Microsoft Visual Studio Solution File, Format Version 12.00
# Visual Studio Version 17
VisualStudioVersion = 17.13.35825.156 d17.13
MinimumVisualStudioVersion = 10.0.40219.1
Project("{FAE04EC0-301F-11D3-BF4B-00C04F79EFBC}") = "C#_Syntax1", "C#_Syntax1\C#_Syntax1\C#_Syntax1.csproj", "{53211267-4DB4-438E-ACA9-72DC0793DD37}"
EndProject
Project("{FAE04EC0-301F-11D3-BF4B-00C04F79EFBC}") = "C#_Syntax2", "C#_Syntax2\C#_Syntax2\C#_Syntax2.csproj", "{97AC6D72-C27C-4A89-A8F7-5453115E26E2}"
EndProject
Project("{FAE04EC0-301F-11D3-BF4B-00C04F79EFBC}") = "C#_Syntax3", "C#_Syntax3\C#_Syntax3\C#_Syntax3.csproj", "{DE980D15-1031-42D8-A5E1-D1479CEB8DB7}"
EndProject
Global
	GlobalSection(SolutionConfigurationPlatforms) = preSolution
		Debug|Any CPU = Debug|Any CPU
		Release|Any CPU = Release|Any CPU
	EndGlobalSection
	GlobalSection(ProjectConfigurationPlatforms) = postSolution
		{53211267-4DB4-438E-ACA9-72DC0793DD37}.Debug|Any CPU.ActiveCfg = Debug|Any CPU
		{53211267-4DB4-438E-ACA9-72DC0793DD37}.Debug|Any CPU.Build.0 = Debug|Any CPU
		{53211267-4DB4-438E-ACA9-72DC0793DD37}.Release|Any CPU.ActiveCfg = Release|Any CPU
		{53211267-4DB4-438E-ACA9-72DC0793DD37}.Release|Any CPU.Build.0 = Release|Any CPU
		{97AC6D72-C27C-4A89-A8F7-5453115E26E2}.Debug|Any CPU.ActiveCfg = Debug|Any CPU
		{97AC6D72-C27C-4A89-A8F7-5453115E26E2}.Debug|Any CPU.Build.0 = Debug|Any CPU
		{97AC6D72-C27C-4A89-A8F7-5453115E26E2}.Release|Any CPU.ActiveCfg = Release|Any CPU
		{97AC6D72-C27C-4A89-A8F7-5453115E26E2}.Release|Any CPU.Build.0 = Release|Any CPU
		{DE980D15-1031-42D8-A5E1-D1479CEB8DB7}.Debug|Any CPU.ActiveCfg = Debug|Any CPU
		{DE980D15-1031-42D8-A5E1-D1479CEB8DB7}.Debug|Any CPU.Build.0 = Debug|Any CPU
		{DE980D15-1031-42D8-A5E1-D1479CEB8DB7}.Release|Any CPU.ActiveCfg = Release|Any CPU
		{DE980D15-1031-42D8-A5E1-D1479CEB8DB7}.Release|Any CPU.Build.0 = Release|Any CPU
	EndGlobalSection
	GlobalSection(SolutionProperties) = preSolution
		HideSolutionNode = FALSE
	EndGlobalSection
	GlobalSection(ExtensibilityGlobals) = postSolution
		SolutionGuid = {947EC3D1-D5EC-43ED-9A9F-5165E7E99BE9}
	EndGlobalSection
EndGlobal
