
Microsoft Visual Studio Solution File, Format Version 12.00
# Visual Studio Version 17
VisualStudioVersion = 17.13.35825.156 d17.13
MinimumVisualStudioVersion = 10.0.40219.1
Project("{FAE04EC0-301F-11D3-BF4B-00C04F79EFBC}") = "TrainingStage2", "TrainingStage2.csproj", "{0C63CB31-0C25-459E-97B6-EE4A2E201B7D}"
EndProject
Global
	GlobalSection(SolutionConfigurationPlatforms) = preSolution
		Debug|Any CPU = Debug|Any CPU
		Release|Any CPU = Release|Any CPU
	EndGlobalSection
	GlobalSection(ProjectConfigurationPlatforms) = postSolution
		{0C63CB31-0C25-459E-97B6-EE4A2E201B7D}.Debug|Any CPU.ActiveCfg = Debug|Any CPU
		{0C63CB31-0C25-459E-97B6-EE4A2E201B7D}.Debug|Any CPU.Build.0 = Debug|Any CPU
		{0C63CB31-0C25-459E-97B6-EE4A2E201B7D}.Release|Any CPU.ActiveCfg = Release|Any CPU
		{0C63CB31-0C25-459E-97B6-EE4A2E201B7D}.Release|Any CPU.Build.0 = Release|Any CPU
	EndGlobalSection
	GlobalSection(SolutionProperties) = preSolution
		HideSolutionNode = FALSE
	EndGlobalSection
	GlobalSection(ExtensibilityGlobals) = postSolution
		SolutionGuid = {68B66DE4-CEE5-422D-8E86-AD348D41DE08}
	EndGlobalSection
EndGlobal
